<?xml version="1.0" encoding="utf-8"?>
<Project ToolsVersion="4.0" xmlns="http://schemas.microsoft.com/developer/msbuild/2003">
  <ItemGroup>
    <Filter Include="Source Files">
      <UniqueIdentifier>{4FC737F1-C7A5-4376-A066-2A32D752A2FF}</UniqueIdentifier>
      <Extensions>cpp;c;cc;cxx;def;odl;idl;hpj;bat;asm;asmx</Extensions>
    </Filter>
    <Filter Include="Header Files">
      <UniqueIdentifier>{93995380-89BD-4b04-88EB-625FBE52EBFB}</UniqueIdentifier>
      <Extensions>h;hh;hpp;hxx;hm;inl;inc;ipp;xsd</Extensions>
    </Filter>
    <Filter Include="Header Files\Main Hooks">
      <UniqueIdentifier>{ec3eacb0-cd1f-4686-bdab-5175ebb643b6}</UniqueIdentifier>
    </Filter>
    <Filter Include="Header Files\Discord Hook">
      <UniqueIdentifier>{5ac0491c-24e3-4df4-b5df-8a653a9e6049}</UniqueIdentifier>
    </Filter>
    <Filter Include="Header Files\ImGui">
      <UniqueIdentifier>{c3f03e41-fbb6-4bc7-8e7b-c2dfbb70803e}</UniqueIdentifier>
    </Filter>
    <Filter Include="Header Files\Utils">
      <UniqueIdentifier>{1f4b9ddb-b29e-4791-a72c-2ec6ebbbe461}</UniqueIdentifier>
    </Filter>
    <Filter Include="Header Files\Updater">
      <UniqueIdentifier>{9bf003c2-eb5d-41b0-9cbe-2d0cabaac667}</UniqueIdentifier>
    </Filter>
  </ItemGroup>
  <ItemGroup>
    <ClCompile Include="dllmain.cpp">
      <Filter>Source Files</Filter>
    </ClCompile>
    <ClCompile Include="imgui\imgui.cpp">
      <Filter>Header Files\ImGui</Filter>
    </ClCompile>
    <ClCompile Include="imgui\imgui_draw.cpp">
      <Filter>Header Files\ImGui</Filter>
    </ClCompile>
    <ClCompile Include="imgui\imgui_impl_dx11.cpp">
      <Filter>Header Files\ImGui</Filter>
    </ClCompile>
    <ClCompile Include="hooks\Discord.cpp">
      <Filter>Header Files\Discord Hook</Filter>
    </ClCompile>
    <ClCompile Include="hooks\Helper.cpp">
      <Filter>Header Files\Discord Hook</Filter>
    </ClCompile>
  </ItemGroup>
  <ItemGroup>
    <ClInclude Include="stdafx.h">
      <Filter>Header Files</Filter>
    </ClInclude>
    <ClInclude Include="imgui\imconfig.h">
      <Filter>Header Files\ImGui</Filter>
    </ClInclude>
    <ClInclude Include="imgui\imgui.h">
      <Filter>Header Files\ImGui</Filter>
    </ClInclude>
    <ClInclude Include="imgui\imgui_impl_dx11.h">
      <Filter>Header Files\ImGui</Filter>
    </ClInclude>
    <ClInclude Include="imgui\imgui_internal.h">
      <Filter>Header Files\ImGui</Filter>
    </ClInclude>
    <ClInclude Include="imgui\stb_rect_pack.h">
      <Filter>Header Files\ImGui</Filter>
    </ClInclude>
    <ClInclude Include="imgui\stb_textedit.h">
      <Filter>Header Files\ImGui</Filter>
    </ClInclude>
    <ClInclude Include="imgui\stb_truetype.h">
      <Filter>Header Files\ImGui</Filter>
    </ClInclude>
    <ClInclude Include="hooks\Camera.h">
      <Filter>Header Files\Main Hooks</Filter>
    </ClInclude>
    <ClInclude Include="hooks\ProcessEvent.h">
      <Filter>Header Files\Main Hooks</Filter>
    </ClInclude>
    <ClInclude Include="utils\Bones.h">
      <Filter>Header Files\Utils</Filter>
    </ClInclude>
    <ClInclude Include="utils\EncStr.h">
      <Filter>Header Files\Utils</Filter>
    </ClInclude>
    <ClInclude Include="utils\Math.h">
      <Filter>Header Files\Utils</Filter>
    </ClInclude>
    <ClInclude Include="utils\MoreUtils.h">
      <Filter>Header Files\Utils</Filter>
    </ClInclude>
    <ClInclude Include="utils\Structs.h">
      <Filter>Header Files\Utils</Filter>
    </ClInclude>
    <ClInclude Include="utils\Utils.h">
      <Filter>Header Files\Utils</Filter>
    </ClInclude>
    <ClInclude Include="GUI.h">
      <Filter>Header Files</Filter>
    </ClInclude>
    <ClInclude Include="hooks\Discord.h">
      <Filter>Header Files\Discord Hook</Filter>
    </ClInclude>
    <ClInclude Include="hooks\Helper.h">
      <Filter>Header Files\Discord Hook</Filter>
    </ClInclude>
    <ClInclude Include="Updater\Offsets.h">
      <Filter>Header Files\Updater</Filter>
    </ClInclude>
  </ItemGroup>
  <ItemGroup>
    <MASM Include="utils\SpoofCall.asm">
      <Filter>Header Files</Filter>
    </MASM>
  </ItemGroup>
</Project>